// !$*UTF8*$!
{
	archiveVersion = 1;
	classes = {
	};
	objectVersion = 56;
	objects = {

/* Begin PBXBuildFile section */
		85C50FE229FE500000F33913 /* AmiiboCardsView.swift in Sources */ = {isa = PBXBuildFile; fileRef = 85C50FE129FE500000F33913 /* AmiiboCardsView.swift */; };
		85C50FE529FE51FD00F33913 /* CardRow.swift in Sources */ = {isa = PBXBuildFile; fileRef = 85C50FE429FE51FD00F33913 /* CardRow.swift */; };
		85C50FEA29FE58C700F33913 /* Endpoint.swift in Sources */ = {isa = PBXBuildFile; fileRef = 85C50FE929FE58C700F33913 /* Endpoint.swift */; };
		85C50FF129FE59A000F33913 /* AmiiboListRepository.swift in Sources */ = {isa = PBXBuildFile; fileRef = 85C50FF029FE59A000F33913 /* AmiiboListRepository.swift */; };
		85C50FF329FEA84100F33913 /* Amiibo.swift in Sources */ = {isa = PBXBuildFile; fileRef = 85C50FF229FEA84100F33913 /* Amiibo.swift */; };
		85C50FF529FEA88B00F33913 /* LoadAmiiboListUseCase.swift in Sources */ = {isa = PBXBuildFile; fileRef = 85C50FF429FEA88B00F33913 /* LoadAmiiboListUseCase.swift */; };
		85C50FF829FEA98300F33913 /* DefaultAmiiboListRepository.swift in Sources */ = {isa = PBXBuildFile; fileRef = 85C50FF729FEA98300F33913 /* DefaultAmiiboListRepository.swift */; };
		85C50FFB29FEAA9B00F33913 /* AmiiboListResponseDTO.swift in Sources */ = {isa = PBXBuildFile; fileRef = 85C50FFA29FEAA9B00F33913 /* AmiiboListResponseDTO.swift */; };
		85C50FFE29FEADF300F33913 /* DIContainer.swift in Sources */ = {isa = PBXBuildFile; fileRef = 85C50FFD29FEADF300F33913 /* DIContainer.swift */; };
		85C5100329FEB1DE00F33913 /* ComposableArchitecture in Frameworks */ = {isa = PBXBuildFile; productRef = 85C5100229FEB1DE00F33913 /* ComposableArchitecture */; };
		85C5100529FEB27600F33913 /* HomeReducer.swift in Sources */ = {isa = PBXBuildFile; fileRef = 85C5100429FEB27600F33913 /* HomeReducer.swift */; };
		85C5100829FEB7A000F33913 /* Kingfisher in Frameworks */ = {isa = PBXBuildFile; productRef = 85C5100729FEB7A000F33913 /* Kingfisher */; };
		85C5100B2A03F61A00F33913 /* AppEnvironment.swift in Sources */ = {isa = PBXBuildFile; fileRef = 85C5100A2A03F61A00F33913 /* AppEnvironment.swift */; };
		85C5100D2A03FA6500F33913 /* AppStore.swift in Sources */ = {isa = PBXBuildFile; fileRef = 85C5100C2A03FA6500F33913 /* AppStore.swift */; };
		85D578E829F6311100E5BD20 /* AppDelegate.swift in Sources */ = {isa = PBXBuildFile; fileRef = 85D578E729F6311100E5BD20 /* AppDelegate.swift */; };
		85D578EA29F6311100E5BD20 /* SceneDelegate.swift in Sources */ = {isa = PBXBuildFile; fileRef = 85D578E929F6311100E5BD20 /* SceneDelegate.swift */; };
		85D578F129F6311200E5BD20 /* Assets.xcassets in Resources */ = {isa = PBXBuildFile; fileRef = 85D578F029F6311200E5BD20 /* Assets.xcassets */; };
		85D578F429F6311200E5BD20 /* LaunchScreen.storyboard in Resources */ = {isa = PBXBuildFile; fileRef = 85D578F229F6311200E5BD20 /* LaunchScreen.storyboard */; };
		85D578FF29F6311200E5BD20 /* TCA_CleanArchitecture_ExampleTests.swift in Sources */ = {isa = PBXBuildFile; fileRef = 85D578FE29F6311200E5BD20 /* TCA_CleanArchitecture_ExampleTests.swift */; };
		85D5790929F6311200E5BD20 /* TCA_CleanArchitecture_ExampleUITests.swift in Sources */ = {isa = PBXBuildFile; fileRef = 85D5790829F6311200E5BD20 /* TCA_CleanArchitecture_ExampleUITests.swift */; };
		85D5790B29F6311200E5BD20 /* TCA_CleanArchitecture_ExampleUITestsLaunchTests.swift in Sources */ = {isa = PBXBuildFile; fileRef = 85D5790A29F6311200E5BD20 /* TCA_CleanArchitecture_ExampleUITestsLaunchTests.swift */; };
		85D5791D29F6331000E5BD20 /* ContentView.swift in Sources */ = {isa = PBXBuildFile; fileRef = 85D5791C29F6331000E5BD20 /* ContentView.swift */; };
/* End PBXBuildFile section */

/* Begin PBXContainerItemProxy section */
		85D578FB29F6311200E5BD20 /* PBXContainerItemProxy */ = {
			isa = PBXContainerItemProxy;
			containerPortal = 85D578DC29F6311100E5BD20 /* Project object */;
			proxyType = 1;
			remoteGlobalIDString = 85D578E329F6311100E5BD20;
			remoteInfo = "TCA-CleanArchitecture_Example";
		};
		85D5790529F6311200E5BD20 /* PBXContainerItemProxy */ = {
			isa = PBXContainerItemProxy;
			containerPortal = 85D578DC29F6311100E5BD20 /* Project object */;
			proxyType = 1;
			remoteGlobalIDString = 85D578E329F6311100E5BD20;
			remoteInfo = "TCA-CleanArchitecture_Example";
		};
/* End PBXContainerItemProxy section */

/* Begin PBXFileReference section */
		85C50FE129FE500000F33913 /* AmiiboCardsView.swift */ = {isa = PBXFileReference; lastKnownFileType = sourcecode.swift; path = AmiiboCardsView.swift; sourceTree = "<group>"; };
		85C50FE429FE51FD00F33913 /* CardRow.swift */ = {isa = PBXFileReference; lastKnownFileType = sourcecode.swift; path = CardRow.swift; sourceTree = "<group>"; };
		85C50FE929FE58C700F33913 /* Endpoint.swift */ = {isa = PBXFileReference; lastKnownFileType = sourcecode.swift; path = Endpoint.swift; sourceTree = "<group>"; };
		85C50FF029FE59A000F33913 /* AmiiboListRepository.swift */ = {isa = PBXFileReference; lastKnownFileType = sourcecode.swift; path = AmiiboListRepository.swift; sourceTree = "<group>"; };
		85C50FF229FEA84100F33913 /* Amiibo.swift */ = {isa = PBXFileReference; lastKnownFileType = sourcecode.swift; path = Amiibo.swift; sourceTree = "<group>"; };
		85C50FF429FEA88B00F33913 /* LoadAmiiboListUseCase.swift */ = {isa = PBXFileReference; lastKnownFileType = sourcecode.swift; path = LoadAmiiboListUseCase.swift; sourceTree = "<group>"; };
		85C50FF729FEA98300F33913 /* DefaultAmiiboListRepository.swift */ = {isa = PBXFileReference; lastKnownFileType = sourcecode.swift; path = DefaultAmiiboListRepository.swift; sourceTree = "<group>"; };
		85C50FFA29FEAA9B00F33913 /* AmiiboListResponseDTO.swift */ = {isa = PBXFileReference; lastKnownFileType = sourcecode.swift; path = AmiiboListResponseDTO.swift; sourceTree = "<group>"; };
		85C50FFD29FEADF300F33913 /* DIContainer.swift */ = {isa = PBXFileReference; lastKnownFileType = sourcecode.swift; path = DIContainer.swift; sourceTree = "<group>"; };
		85C5100429FEB27600F33913 /* HomeReducer.swift */ = {isa = PBXFileReference; lastKnownFileType = sourcecode.swift; path = HomeReducer.swift; sourceTree = "<group>"; };
		85C5100A2A03F61A00F33913 /* AppEnvironment.swift */ = {isa = PBXFileReference; lastKnownFileType = sourcecode.swift; path = AppEnvironment.swift; sourceTree = "<group>"; };
		85C5100C2A03FA6500F33913 /* AppStore.swift */ = {isa = PBXFileReference; lastKnownFileType = sourcecode.swift; path = AppStore.swift; sourceTree = "<group>"; };
		85D578E429F6311100E5BD20 /* TCA-CleanArchitecture_Example.app */ = {isa = PBXFileReference; explicitFileType = wrapper.application; includeInIndex = 0; path = "TCA-CleanArchitecture_Example.app"; sourceTree = BUILT_PRODUCTS_DIR; };
		85D578E729F6311100E5BD20 /* AppDelegate.swift */ = {isa = PBXFileReference; lastKnownFileType = sourcecode.swift; path = AppDelegate.swift; sourceTree = "<group>"; };
		85D578E929F6311100E5BD20 /* SceneDelegate.swift */ = {isa = PBXFileReference; lastKnownFileType = sourcecode.swift; path = SceneDelegate.swift; sourceTree = "<group>"; };
		85D578F029F6311200E5BD20 /* Assets.xcassets */ = {isa = PBXFileReference; lastKnownFileType = folder.assetcatalog; path = Assets.xcassets; sourceTree = "<group>"; };
		85D578F329F6311200E5BD20 /* Base */ = {isa = PBXFileReference; lastKnownFileType = file.storyboard; name = Base; path = Base.lproj/LaunchScreen.storyboard; sourceTree = "<group>"; };
		85D578F529F6311200E5BD20 /* Info.plist */ = {isa = PBXFileReference; lastKnownFileType = text.plist.xml; path = Info.plist; sourceTree = "<group>"; };
		85D578FA29F6311200E5BD20 /* TCA-CleanArchitecture_ExampleTests.xctest */ = {isa = PBXFileReference; explicitFileType = wrapper.cfbundle; includeInIndex = 0; path = "TCA-CleanArchitecture_ExampleTests.xctest"; sourceTree = BUILT_PRODUCTS_DIR; };
		85D578FE29F6311200E5BD20 /* TCA_CleanArchitecture_ExampleTests.swift */ = {isa = PBXFileReference; lastKnownFileType = sourcecode.swift; path = TCA_CleanArchitecture_ExampleTests.swift; sourceTree = "<group>"; };
		85D5790429F6311200E5BD20 /* TCA-CleanArchitecture_ExampleUITests.xctest */ = {isa = PBXFileReference; explicitFileType = wrapper.cfbundle; includeInIndex = 0; path = "TCA-CleanArchitecture_ExampleUITests.xctest"; sourceTree = BUILT_PRODUCTS_DIR; };
		85D5790829F6311200E5BD20 /* TCA_CleanArchitecture_ExampleUITests.swift */ = {isa = PBXFileReference; lastKnownFileType = sourcecode.swift; path = TCA_CleanArchitecture_ExampleUITests.swift; sourceTree = "<group>"; };
		85D5790A29F6311200E5BD20 /* TCA_CleanArchitecture_ExampleUITestsLaunchTests.swift */ = {isa = PBXFileReference; lastKnownFileType = sourcecode.swift; path = TCA_CleanArchitecture_ExampleUITestsLaunchTests.swift; sourceTree = "<group>"; };
		85D5791C29F6331000E5BD20 /* ContentView.swift */ = {isa = PBXFileReference; lastKnownFileType = sourcecode.swift; path = ContentView.swift; sourceTree = "<group>"; };
/* End PBXFileReference section */

/* Begin PBXFrameworksBuildPhase section */
		85D578E129F6311100E5BD20 /* Frameworks */ = {
			isa = PBXFrameworksBuildPhase;
			buildActionMask = 2147483647;
			files = (
				85C5100829FEB7A000F33913 /* Kingfisher in Frameworks */,
				85C5100329FEB1DE00F33913 /* ComposableArchitecture in Frameworks */,
			);
			runOnlyForDeploymentPostprocessing = 0;
		};
		85D578F729F6311200E5BD20 /* Frameworks */ = {
			isa = PBXFrameworksBuildPhase;
			buildActionMask = 2147483647;
			files = (
			);
			runOnlyForDeploymentPostprocessing = 0;
		};
		85D5790129F6311200E5BD20 /* Frameworks */ = {
			isa = PBXFrameworksBuildPhase;
			buildActionMask = 2147483647;
			files = (
			);
			runOnlyForDeploymentPostprocessing = 0;
		};
/* End PBXFrameworksBuildPhase section */

/* Begin PBXGroup section */
		85C50FDF29FE4F9E00F33913 /* Resource */ = {
			isa = PBXGroup;
			children = (
				85D578F029F6311200E5BD20 /* Assets.xcassets */,
				85D578F229F6311200E5BD20 /* LaunchScreen.storyboard */,
				85D578F529F6311200E5BD20 /* Info.plist */,
			);
			path = Resource;
			sourceTree = "<group>";
		};
		85C50FE029FE4FE900F33913 /* Home */ = {
			isa = PBXGroup;
			children = (
				85C5100029FEB17100F33913 /* Reducer */,
				85C50FFF29FEB16700F33913 /* View */,
			);
			path = Home;
			sourceTree = "<group>";
		};
		85C50FE329FE515900F33913 /* Rows */ = {
			isa = PBXGroup;
			children = (
				85C50FE429FE51FD00F33913 /* CardRow.swift */,
			);
			path = Rows;
			sourceTree = "<group>";
		};
		85C50FE629FE586E00F33913 /* Data */ = {
			isa = PBXGroup;
			children = (
				85C50FF629FEA97000F33913 /* Repositories */,
				85C50FE729FE588F00F33913 /* Network */,
			);
			path = Data;
			sourceTree = "<group>";
		};
		85C50FE729FE588F00F33913 /* Network */ = {
			isa = PBXGroup;
			children = (
				85C50FF929FEAA3500F33913 /* DataMapping */,
				85C50FE829FE58AC00F33913 /* Utils */,
			);
			path = Network;
			sourceTree = "<group>";
		};
		85C50FE829FE58AC00F33913 /* Utils */ = {
			isa = PBXGroup;
			children = (
				85C50FE929FE58C700F33913 /* Endpoint.swift */,
			);
			path = Utils;
			sourceTree = "<group>";
		};
		85C50FEB29FE593900F33913 /* Domain */ = {
			isa = PBXGroup;
			children = (
				85C50FEE29FE596500F33913 /* Interfaces */,
				85C50FED29FE595C00F33913 /* UseCases */,
				85C50FEC29FE595200F33913 /* Entities */,
			);
			path = Domain;
			sourceTree = "<group>";
		};
		85C50FEC29FE595200F33913 /* Entities */ = {
			isa = PBXGroup;
			children = (
				85C50FF229FEA84100F33913 /* Amiibo.swift */,
			);
			path = Entities;
			sourceTree = "<group>";
		};
		85C50FED29FE595C00F33913 /* UseCases */ = {
			isa = PBXGroup;
			children = (
				85C50FF429FEA88B00F33913 /* LoadAmiiboListUseCase.swift */,
			);
			path = UseCases;
			sourceTree = "<group>";
		};
		85C50FEE29FE596500F33913 /* Interfaces */ = {
			isa = PBXGroup;
			children = (
				85C50FEF29FE597900F33913 /* Repositories */,
			);
			path = Interfaces;
			sourceTree = "<group>";
		};
		85C50FEF29FE597900F33913 /* Repositories */ = {
			isa = PBXGroup;
			children = (
				85C50FF029FE59A000F33913 /* AmiiboListRepository.swift */,
			);
			path = Repositories;
			sourceTree = "<group>";
		};
		85C50FF629FEA97000F33913 /* Repositories */ = {
			isa = PBXGroup;
			children = (
				85C50FF729FEA98300F33913 /* DefaultAmiiboListRepository.swift */,
			);
			path = Repositories;
			sourceTree = "<group>";
		};
		85C50FF929FEAA3500F33913 /* DataMapping */ = {
			isa = PBXGroup;
			children = (
				85C50FFA29FEAA9B00F33913 /* AmiiboListResponseDTO.swift */,
			);
			path = DataMapping;
			sourceTree = "<group>";
		};
		85C50FFF29FEB16700F33913 /* View */ = {
			isa = PBXGroup;
			children = (
				85C50FE129FE500000F33913 /* AmiiboCardsView.swift */,
				85C50FE329FE515900F33913 /* Rows */,
			);
			path = View;
			sourceTree = "<group>";
		};
		85C5100029FEB17100F33913 /* Reducer */ = {
			isa = PBXGroup;
			children = (
				85C5100429FEB27600F33913 /* HomeReducer.swift */,
			);
			path = Reducer;
			sourceTree = "<group>";
		};
		85C5100E2A07DEAA00F33913 /* Injected */ = {
			isa = PBXGroup;
			children = (
				85C5100C2A03FA6500F33913 /* AppStore.swift */,
				85C50FFD29FEADF300F33913 /* DIContainer.swift */,
			);
			path = Injected;
			sourceTree = "<group>";
		};
		85D578DB29F6311100E5BD20 = {
			isa = PBXGroup;
			children = (
				85D578E629F6311100E5BD20 /* TCA-CleanArchitecture_Example */,
				85D578FD29F6311200E5BD20 /* TCA-CleanArchitecture_ExampleTests */,
				85D5790729F6311200E5BD20 /* TCA-CleanArchitecture_ExampleUITests */,
				85D578E529F6311100E5BD20 /* Products */,
			);
			sourceTree = "<group>";
		};
		85D578E529F6311100E5BD20 /* Products */ = {
			isa = PBXGroup;
			children = (
				85D578E429F6311100E5BD20 /* TCA-CleanArchitecture_Example.app */,
				85D578FA29F6311200E5BD20 /* TCA-CleanArchitecture_ExampleTests.xctest */,
				85D5790429F6311200E5BD20 /* TCA-CleanArchitecture_ExampleUITests.xctest */,
			);
			name = Products;
			sourceTree = "<group>";
		};
		85D578E629F6311100E5BD20 /* TCA-CleanArchitecture_Example */ = {
			isa = PBXGroup;
			children = (
				85D5791729F6315E00E5BD20 /* Application */,
				85C50FEB29FE593900F33913 /* Domain */,
				85D5791829F6316600E5BD20 /* Presentation */,
				85C50FE629FE586E00F33913 /* Data */,
				85C50FDF29FE4F9E00F33913 /* Resource */,
			);
			path = "TCA-CleanArchitecture_Example";
			sourceTree = "<group>";
		};
		85D578FD29F6311200E5BD20 /* TCA-CleanArchitecture_ExampleTests */ = {
			isa = PBXGroup;
			children = (
				85D578FE29F6311200E5BD20 /* TCA_CleanArchitecture_ExampleTests.swift */,
			);
			path = "TCA-CleanArchitecture_ExampleTests";
			sourceTree = "<group>";
		};
		85D5790729F6311200E5BD20 /* TCA-CleanArchitecture_ExampleUITests */ = {
			isa = PBXGroup;
			children = (
				85D5790829F6311200E5BD20 /* TCA_CleanArchitecture_ExampleUITests.swift */,
				85D5790A29F6311200E5BD20 /* TCA_CleanArchitecture_ExampleUITestsLaunchTests.swift */,
			);
			path = "TCA-CleanArchitecture_ExampleUITests";
			sourceTree = "<group>";
		};
		85D5791729F6315E00E5BD20 /* Application */ = {
			isa = PBXGroup;
			children = (
				85C5100E2A07DEAA00F33913 /* Injected */,
				85D578E729F6311100E5BD20 /* AppDelegate.swift */,
				85D578E929F6311100E5BD20 /* SceneDelegate.swift */,
				85C5100A2A03F61A00F33913 /* AppEnvironment.swift */,
			);
			path = Application;
			sourceTree = "<group>";
		};
		85D5791829F6316600E5BD20 /* Presentation */ = {
			isa = PBXGroup;
			children = (
				85D5791C29F6331000E5BD20 /* ContentView.swift */,
				85C50FE029FE4FE900F33913 /* Home */,
			);
			path = Presentation;
			sourceTree = "<group>";
		};
/* End PBXGroup section */

/* Begin PBXNativeTarget section */
		85D578E329F6311100E5BD20 /* TCA-CleanArchitecture_Example */ = {
			isa = PBXNativeTarget;
			buildConfigurationList = 85D5790E29F6311200E5BD20 /* Build configuration list for PBXNativeTarget "TCA-CleanArchitecture_Example" */;
			buildPhases = (
				85D578E029F6311100E5BD20 /* Sources */,
				85D578E129F6311100E5BD20 /* Frameworks */,
				85D578E229F6311100E5BD20 /* Resources */,
			);
			buildRules = (
			);
			dependencies = (
			);
			name = "TCA-CleanArchitecture_Example";
			packageProductDependencies = (
				85C5100229FEB1DE00F33913 /* ComposableArchitecture */,
				85C5100729FEB7A000F33913 /* Kingfisher */,
			);
			productName = "TCA-CleanArchitecture_Example";
			productReference = 85D578E429F6311100E5BD20 /* TCA-CleanArchitecture_Example.app */;
			productType = "com.apple.product-type.application";
		};
		85D578F929F6311200E5BD20 /* TCA-CleanArchitecture_ExampleTests */ = {
			isa = PBXNativeTarget;
			buildConfigurationList = 85D5791129F6311200E5BD20 /* Build configuration list for PBXNativeTarget "TCA-CleanArchitecture_ExampleTests" */;
			buildPhases = (
				85D578F629F6311200E5BD20 /* Sources */,
				85D578F729F6311200E5BD20 /* Frameworks */,
				85D578F829F6311200E5BD20 /* Resources */,
			);
			buildRules = (
			);
			dependencies = (
				85D578FC29F6311200E5BD20 /* PBXTargetDependency */,
			);
			name = "TCA-CleanArchitecture_ExampleTests";
			productName = "TCA-CleanArchitecture_ExampleTests";
			productReference = 85D578FA29F6311200E5BD20 /* TCA-CleanArchitecture_ExampleTests.xctest */;
			productType = "com.apple.product-type.bundle.unit-test";
		};
		85D5790329F6311200E5BD20 /* TCA-CleanArchitecture_ExampleUITests */ = {
			isa = PBXNativeTarget;
			buildConfigurationList = 85D5791429F6311200E5BD20 /* Build configuration list for PBXNativeTarget "TCA-CleanArchitecture_ExampleUITests" */;
			buildPhases = (
				85D5790029F6311200E5BD20 /* Sources */,
				85D5790129F6311200E5BD20 /* Frameworks */,
				85D5790229F6311200E5BD20 /* Resources */,
			);
			buildRules = (
			);
			dependencies = (
				85D5790629F6311200E5BD20 /* PBXTargetDependency */,
			);
			name = "TCA-CleanArchitecture_ExampleUITests";
			productName = "TCA-CleanArchitecture_ExampleUITests";
			productReference = 85D5790429F6311200E5BD20 /* TCA-CleanArchitecture_ExampleUITests.xctest */;
			productType = "com.apple.product-type.bundle.ui-testing";
		};
/* End PBXNativeTarget section */

/* Begin PBXProject section */
		85D578DC29F6311100E5BD20 /* Project object */ = {
			isa = PBXProject;
			attributes = {
				BuildIndependentTargetsInParallel = 1;
				LastSwiftUpdateCheck = 1420;
				LastUpgradeCheck = 1420;
				TargetAttributes = {
					85D578E329F6311100E5BD20 = {
						CreatedOnToolsVersion = 14.2;
					};
					85D578F929F6311200E5BD20 = {
						CreatedOnToolsVersion = 14.2;
						TestTargetID = 85D578E329F6311100E5BD20;
					};
					85D5790329F6311200E5BD20 = {
						CreatedOnToolsVersion = 14.2;
						TestTargetID = 85D578E329F6311100E5BD20;
					};
				};
			};
			buildConfigurationList = 85D578DF29F6311100E5BD20 /* Build configuration list for PBXProject "TCA-CleanArchitecture_Example" */;
			compatibilityVersion = "Xcode 14.0";
			developmentRegion = en;
			hasScannedForEncodings = 0;
			knownRegions = (
				en,
				Base,
			);
			mainGroup = 85D578DB29F6311100E5BD20;
			packageReferences = (
				85C5100129FEB1DE00F33913 /* XCRemoteSwiftPackageReference "swift-composable-architecture" */,
				85C5100629FEB7A000F33913 /* XCRemoteSwiftPackageReference "Kingfisher" */,
			);
			productRefGroup = 85D578E529F6311100E5BD20 /* Products */;
			projectDirPath = "";
			projectRoot = "";
			targets = (
				85D578E329F6311100E5BD20 /* TCA-CleanArchitecture_Example */,
				85D578F929F6311200E5BD20 /* TCA-CleanArchitecture_ExampleTests */,
				85D5790329F6311200E5BD20 /* TCA-CleanArchitecture_ExampleUITests */,
			);
		};
/* End PBXProject section */

/* Begin PBXResourcesBuildPhase section */
		85D578E229F6311100E5BD20 /* Resources */ = {
			isa = PBXResourcesBuildPhase;
			buildActionMask = 2147483647;
			files = (
				85D578F429F6311200E5BD20 /* LaunchScreen.storyboard in Resources */,
				85D578F129F6311200E5BD20 /* Assets.xcassets in Resources */,
			);
			runOnlyForDeploymentPostprocessing = 0;
		};
		85D578F829F6311200E5BD20 /* Resources */ = {
			isa = PBXResourcesBuildPhase;
			buildActionMask = 2147483647;
			files = (
			);
			runOnlyForDeploymentPostprocessing = 0;
		};
		85D5790229F6311200E5BD20 /* Resources */ = {
			isa = PBXResourcesBuildPhase;
			buildActionMask = 2147483647;
			files = (
			);
			runOnlyForDeploymentPostprocessing = 0;
		};
/* End PBXResourcesBuildPhase section */

/* Begin PBXSourcesBuildPhase section */
		85D578E029F6311100E5BD20 /* Sources */ = {
			isa = PBXSourcesBuildPhase;
			buildActionMask = 2147483647;
			files = (
				85C50FF329FEA84100F33913 /* Amiibo.swift in Sources */,
				85D578E829F6311100E5BD20 /* AppDelegate.swift in Sources */,
				85C50FF129FE59A000F33913 /* AmiiboListRepository.swift in Sources */,
				85D578EA29F6311100E5BD20 /* SceneDelegate.swift in Sources */,
				85C50FFB29FEAA9B00F33913 /* AmiiboListResponseDTO.swift in Sources */,
				85C50FF829FEA98300F33913 /* DefaultAmiiboListRepository.swift in Sources */,
				85C5100D2A03FA6500F33913 /* AppStore.swift in Sources */,
				85C50FF529FEA88B00F33913 /* LoadAmiiboListUseCase.swift in Sources */,
				85C5100B2A03F61A00F33913 /* AppEnvironment.swift in Sources */,
				85C50FE529FE51FD00F33913 /* CardRow.swift in Sources */,
				85C50FE229FE500000F33913 /* AmiiboCardsView.swift in Sources */,
				85C50FEA29FE58C700F33913 /* Endpoint.swift in Sources */,
				85C5100529FEB27600F33913 /* HomeReducer.swift in Sources */,
				85C50FFE29FEADF300F33913 /* DIContainer.swift in Sources */,
				85D5791D29F6331000E5BD20 /* ContentView.swift in Sources */,
			);
			runOnlyForDeploymentPostprocessing = 0;
		};
		85D578F629F6311200E5BD20 /* Sources */ = {
			isa = PBXSourcesBuildPhase;
			buildActionMask = 2147483647;
			files = (
				85D578FF29F6311200E5BD20 /* TCA_CleanArchitecture_ExampleTests.swift in Sources */,
			);
			runOnlyForDeploymentPostprocessing = 0;
		};
		85D5790029F6311200E5BD20 /* Sources */ = {
			isa = PBXSourcesBuildPhase;
			buildActionMask = 2147483647;
			files = (
				85D5790929F6311200E5BD20 /* TCA_CleanArchitecture_ExampleUITests.swift in Sources */,
				85D5790B29F6311200E5BD20 /* TCA_CleanArchitecture_ExampleUITestsLaunchTests.swift in Sources */,
			);
			runOnlyForDeploymentPostprocessing = 0;
		};
/* End PBXSourcesBuildPhase section */

/* Begin PBXTargetDependency section */
		85D578FC29F6311200E5BD20 /* PBXTargetDependency */ = {
			isa = PBXTargetDependency;
			target = 85D578E329F6311100E5BD20 /* TCA-CleanArchitecture_Example */;
			targetProxy = 85D578FB29F6311200E5BD20 /* PBXContainerItemProxy */;
		};
		85D5790629F6311200E5BD20 /* PBXTargetDependency */ = {
			isa = PBXTargetDependency;
			target = 85D578E329F6311100E5BD20 /* TCA-CleanArchitecture_Example */;
			targetProxy = 85D5790529F6311200E5BD20 /* PBXContainerItemProxy */;
		};
/* End PBXTargetDependency section */

/* Begin PBXVariantGroup section */
		85D578F229F6311200E5BD20 /* LaunchScreen.storyboard */ = {
			isa = PBXVariantGroup;
			children = (
				85D578F329F6311200E5BD20 /* Base */,
			);
			name = LaunchScreen.storyboard;
			sourceTree = "<group>";
		};
/* End PBXVariantGroup section */

/* Begin XCBuildConfiguration section */
		85D5790C29F6311200E5BD20 /* Debug */ = {
			isa = XCBuildConfiguration;
			buildSettings = {
				ALWAYS_SEARCH_USER_PATHS = NO;
				CLANG_ANALYZER_NONNULL = YES;
				CLANG_ANALYZER_NUMBER_OBJECT_CONVERSION = YES_AGGRESSIVE;
				CLANG_CXX_LANGUAGE_STANDARD = "gnu++20";
				CLANG_ENABLE_MODULES = YES;
				CLANG_ENABLE_OBJC_ARC = YES;
				CLANG_ENABLE_OBJC_WEAK = YES;
				CLANG_WARN_BLOCK_CAPTURE_AUTORELEASING = YES;
				CLANG_WARN_BOOL_CONVERSION = YES;
				CLANG_WARN_COMMA = YES;
				CLANG_WARN_CONSTANT_CONVERSION = YES;
				CLANG_WARN_DEPRECATED_OBJC_IMPLEMENTATIONS = YES;
				CLANG_WARN_DIRECT_OBJC_ISA_USAGE = YES_ERROR;
				CLANG_WARN_DOCUMENTATION_COMMENTS = YES;
				CLANG_WARN_EMPTY_BODY = YES;
				CLANG_WARN_ENUM_CONVERSION = YES;
				CLANG_WARN_INFINITE_RECURSION = YES;
				CLANG_WARN_INT_CONVERSION = YES;
				CLANG_WARN_NON_LITERAL_NULL_CONVERSION = YES;
				CLANG_WARN_OBJC_IMPLICIT_RETAIN_SELF = YES;
				CLANG_WARN_OBJC_LITERAL_CONVERSION = YES;
				CLANG_WARN_OBJC_ROOT_CLASS = YES_ERROR;
				CLANG_WARN_QUOTED_INCLUDE_IN_FRAMEWORK_HEADER = YES;
				CLANG_WARN_RANGE_LOOP_ANALYSIS = YES;
				CLANG_WARN_STRICT_PROTOTYPES = YES;
				CLANG_WARN_SUSPICIOUS_MOVE = YES;
				CLANG_WARN_UNGUARDED_AVAILABILITY = YES_AGGRESSIVE;
				CLANG_WARN_UNREACHABLE_CODE = YES;
				CLANG_WARN__DUPLICATE_METHOD_MATCH = YES;
				COPY_PHASE_STRIP = NO;
				DEBUG_INFORMATION_FORMAT = dwarf;
				ENABLE_STRICT_OBJC_MSGSEND = YES;
				ENABLE_TESTABILITY = YES;
				GCC_C_LANGUAGE_STANDARD = gnu11;
				GCC_DYNAMIC_NO_PIC = NO;
				GCC_NO_COMMON_BLOCKS = YES;
				GCC_OPTIMIZATION_LEVEL = 0;
				GCC_PREPROCESSOR_DEFINITIONS = (
					"DEBUG=1",
					"$(inherited)",
				);
				GCC_WARN_64_TO_32_BIT_CONVERSION = YES;
				GCC_WARN_ABOUT_RETURN_TYPE = YES_ERROR;
				GCC_WARN_UNDECLARED_SELECTOR = YES;
				GCC_WARN_UNINITIALIZED_AUTOS = YES_AGGRESSIVE;
				GCC_WARN_UNUSED_FUNCTION = YES;
				GCC_WARN_UNUSED_VARIABLE = YES;
				IPHONEOS_DEPLOYMENT_TARGET = 14.0;
				MTL_ENABLE_DEBUG_INFO = INCLUDE_SOURCE;
				MTL_FAST_MATH = YES;
				ONLY_ACTIVE_ARCH = YES;
				SDKROOT = iphoneos;
				SWIFT_ACTIVE_COMPILATION_CONDITIONS = DEBUG;
				SWIFT_OPTIMIZATION_LEVEL = "-Onone";
			};
			name = Debug;
		};
		85D5790D29F6311200E5BD20 /* Release */ = {
			isa = XCBuildConfiguration;
			buildSettings = {
				ALWAYS_SEARCH_USER_PATHS = NO;
				CLANG_ANALYZER_NONNULL = YES;
				CLANG_ANALYZER_NUMBER_OBJECT_CONVERSION = YES_AGGRESSIVE;
				CLANG_CXX_LANGUAGE_STANDARD = "gnu++20";
				CLANG_ENABLE_MODULES = YES;
				CLANG_ENABLE_OBJC_ARC = YES;
				CLANG_ENABLE_OBJC_WEAK = YES;
				CLANG_WARN_BLOCK_CAPTURE_AUTORELEASING = YES;
				CLANG_WARN_BOOL_CONVERSION = YES;
				CLANG_WARN_COMMA = YES;
				CLANG_WARN_CONSTANT_CONVERSION = YES;
				CLANG_WARN_DEPRECATED_OBJC_IMPLEMENTATIONS = YES;
				CLANG_WARN_DIRECT_OBJC_ISA_USAGE = YES_ERROR;
				CLANG_WARN_DOCUMENTATION_COMMENTS = YES;
				CLANG_WARN_EMPTY_BODY = YES;
				CLANG_WARN_ENUM_CONVERSION = YES;
				CLANG_WARN_INFINITE_RECURSION = YES;
				CLANG_WARN_INT_CONVERSION = YES;
				CLANG_WARN_NON_LITERAL_NULL_CONVERSION = YES;
				CLANG_WARN_OBJC_IMPLICIT_RETAIN_SELF = YES;
				CLANG_WARN_OBJC_LITERAL_CONVERSION = YES;
				CLANG_WARN_OBJC_ROOT_CLASS = YES_ERROR;
				CLANG_WARN_QUOTED_INCLUDE_IN_FRAMEWORK_HEADER = YES;
				CLANG_WARN_RANGE_LOOP_ANALYSIS = YES;
				CLANG_WARN_STRICT_PROTOTYPES = YES;
				CLANG_WARN_SUSPICIOUS_MOVE = YES;
				CLANG_WARN_UNGUARDED_AVAILABILITY = YES_AGGRESSIVE;
				CLANG_WARN_UNREACHABLE_CODE = YES;
				CLANG_WARN__DUPLICATE_METHOD_MATCH = YES;
				COPY_PHASE_STRIP = NO;
				DEBUG_INFORMATION_FORMAT = "dwarf-with-dsym";
				ENABLE_NS_ASSERTIONS = NO;
				ENABLE_STRICT_OBJC_MSGSEND = YES;
				GCC_C_LANGUAGE_STANDARD = gnu11;
				GCC_NO_COMMON_BLOCKS = YES;
				GCC_WARN_64_TO_32_BIT_CONVERSION = YES;
				GCC_WARN_ABOUT_RETURN_TYPE = YES_ERROR;
				GCC_WARN_UNDECLARED_SELECTOR = YES;
				GCC_WARN_UNINITIALIZED_AUTOS = YES_AGGRESSIVE;
				GCC_WARN_UNUSED_FUNCTION = YES;
				GCC_WARN_UNUSED_VARIABLE = YES;
				IPHONEOS_DEPLOYMENT_TARGET = 14.0;
				MTL_ENABLE_DEBUG_INFO = NO;
				MTL_FAST_MATH = YES;
				SDKROOT = iphoneos;
				SWIFT_COMPILATION_MODE = wholemodule;
				SWIFT_OPTIMIZATION_LEVEL = "-O";
				VALIDATE_PRODUCT = YES;
			};
			name = Release;
		};
		85D5790F29F6311200E5BD20 /* Debug */ = {
			isa = XCBuildConfiguration;
			buildSettings = {
				ASSETCATALOG_COMPILER_APPICON_NAME = AppIcon;
				ASSETCATALOG_COMPILER_GLOBAL_ACCENT_COLOR_NAME = AccentColor;
				CODE_SIGN_STYLE = Automatic;
				CURRENT_PROJECT_VERSION = 1;
				DEVELOPMENT_TEAM = 3K4KWAG7KD;
				GENERATE_INFOPLIST_FILE = YES;
				INFOPLIST_FILE = "TCA-CleanArchitecture_Example/Resource/Info.plist";
				INFOPLIST_KEY_UIApplicationSupportsIndirectInputEvents = YES;
				INFOPLIST_KEY_UILaunchStoryboardName = LaunchScreen;
				INFOPLIST_KEY_UIMainStoryboardFile = "";
				INFOPLIST_KEY_UISupportedInterfaceOrientations = UIInterfaceOrientationPortrait;
				INFOPLIST_KEY_UISupportedInterfaceOrientations_iPad = "UIInterfaceOrientationLandscapeLeft UIInterfaceOrientationLandscapeRight UIInterfaceOrientationPortrait UIInterfaceOrientationPortraitUpsideDown";
				LD_RUNPATH_SEARCH_PATHS = (
					"$(inherited)",
					"@executable_path/Frameworks",
				);
				MARKETING_VERSION = 1.0;
				PRODUCT_BUNDLE_IDENTIFIER = "com.hano.TCA-CleanArchitecture-Example";
				PRODUCT_NAME = "$(TARGET_NAME)";
				SUPPORTED_PLATFORMS = "iphoneos iphonesimulator";
				SUPPORTS_MACCATALYST = NO;
				SUPPORTS_MAC_DESIGNED_FOR_IPHONE_IPAD = NO;
				SWIFT_EMIT_LOC_STRINGS = YES;
				SWIFT_VERSION = 5.0;
				TARGETED_DEVICE_FAMILY = 1;
			};
			name = Debug;
		};
		85D5791029F6311200E5BD20 /* Release */ = {
			isa = XCBuildConfiguration;
			buildSettings = {
				ASSETCATALOG_COMPILER_APPICON_NAME = AppIcon;
				ASSETCATALOG_COMPILER_GLOBAL_ACCENT_COLOR_NAME = AccentColor;
				CODE_SIGN_STYLE = Automatic;
				CURRENT_PROJECT_VERSION = 1;
				DEVELOPMENT_TEAM = 3K4KWAG7KD;
				GENERATE_INFOPLIST_FILE = YES;
				INFOPLIST_FILE = "TCA-CleanArchitecture_Example/Resource/Info.plist";
				INFOPLIST_KEY_UIApplicationSupportsIndirectInputEvents = YES;
				INFOPLIST_KEY_UILaunchStoryboardName = LaunchScreen;
				INFOPLIST_KEY_UIMainStoryboardFile = "";
				INFOPLIST_KEY_UISupportedInterfaceOrientations = UIInterfaceOrientationPortrait;
				INFOPLIST_KEY_UISupportedInterfaceOrientations_iPad = "UIInterfaceOrientationLandscapeLeft UIInterfaceOrientationLandscapeRight UIInterfaceOrientationPortrait UIInterfaceOrientationPortraitUpsideDown";
				LD_RUNPATH_SEARCH_PATHS = (
					"$(inherited)",
					"@executable_path/Frameworks",
				);
				MARKETING_VERSION = 1.0;
				PRODUCT_BUNDLE_IDENTIFIER = "com.hano.TCA-CleanArchitecture-Example";
				PRODUCT_NAME = "$(TARGET_NAME)";
				SUPPORTED_PLATFORMS = "iphoneos iphonesimulator";
				SUPPORTS_MACCATALYST = NO;
				SUPPORTS_MAC_DESIGNED_FOR_IPHONE_IPAD = NO;
				SWIFT_EMIT_LOC_STRINGS = YES;
				SWIFT_VERSION = 5.0;
				TARGETED_DEVICE_FAMILY = 1;
			};
			name = Release;
		};
		85D5791229F6311200E5BD20 /* Debug */ = {
			isa = XCBuildConfiguration;
			buildSettings = {
				ALWAYS_EMBED_SWIFT_STANDARD_LIBRARIES = YES;
				BUNDLE_LOADER = "$(TEST_HOST)";
				CODE_SIGN_STYLE = Automatic;
				CURRENT_PROJECT_VERSION = 1;
				DEVELOPMENT_TEAM = 3K4KWAG7KD;
				GENERATE_INFOPLIST_FILE = YES;
				IPHONEOS_DEPLOYMENT_TARGET = 16.2;
				MARKETING_VERSION = 1.0;
				PRODUCT_BUNDLE_IDENTIFIER = "com.hano.TCA-CleanArchitecture-ExampleTests";
				PRODUCT_NAME = "$(TARGET_NAME)";
				SWIFT_EMIT_LOC_STRINGS = NO;
				SWIFT_VERSION = 5.0;
				TARGETED_DEVICE_FAMILY = "1,2";
				TEST_HOST = "$(BUILT_PRODUCTS_DIR)/TCA-CleanArchitecture_Example.app/$(BUNDLE_EXECUTABLE_FOLDER_PATH)/TCA-CleanArchitecture_Example";
			};
			name = Debug;
		};
		85D5791329F6311200E5BD20 /* Release */ = {
			isa = XCBuildConfiguration;
			buildSettings = {
				ALWAYS_EMBED_SWIFT_STANDARD_LIBRARIES = YES;
				BUNDLE_LOADER = "$(TEST_HOST)";
				CODE_SIGN_STYLE = Automatic;
				CURRENT_PROJECT_VERSION = 1;
				DEVELOPMENT_TEAM = 3K4KWAG7KD;
				GENERATE_INFOPLIST_FILE = YES;
				IPHONEOS_DEPLOYMENT_TARGET = 16.2;
				MARKETING_VERSION = 1.0;
				PRODUCT_BUNDLE_IDENTIFIER = "com.hano.TCA-CleanArchitecture-ExampleTests";
				PRODUCT_NAME = "$(TARGET_NAME)";
				SWIFT_EMIT_LOC_STRINGS = NO;
				SWIFT_VERSION = 5.0;
				TARGETED_DEVICE_FAMILY = "1,2";
				TEST_HOST = "$(BUILT_PRODUCTS_DIR)/TCA-CleanArchitecture_Example.app/$(BUNDLE_EXECUTABLE_FOLDER_PATH)/TCA-CleanArchitecture_Example";
			};
			name = Release;
		};
		85D5791529F6311200E5BD20 /* Debug */ = {
			isa = XCBuildConfiguration;
			buildSettings = {
				ALWAYS_EMBED_SWIFT_STANDARD_LIBRARIES = YES;
				CODE_SIGN_STYLE = Automatic;
				CURRENT_PROJECT_VERSION = 1;
				DEVELOPMENT_TEAM = 3K4KWAG7KD;
				GENERATE_INFOPLIST_FILE = YES;
				MARKETING_VERSION = 1.0;
				PRODUCT_BUNDLE_IDENTIFIER = "com.hano.TCA-CleanArchitecture-ExampleUITests";
				PRODUCT_NAME = "$(TARGET_NAME)";
				SWIFT_EMIT_LOC_STRINGS = NO;
				SWIFT_VERSION = 5.0;
				TARGETED_DEVICE_FAMILY = "1,2";
				TEST_TARGET_NAME = "TCA-CleanArchitecture_Example";
			};
			name = Debug;
		};
		85D5791629F6311200E5BD20 /* Release */ = {
			isa = XCBuildConfiguration;
			buildSettings = {
				ALWAYS_EMBED_SWIFT_STANDARD_LIBRARIES = YES;
				CODE_SIGN_STYLE = Automatic;
				CURRENT_PROJECT_VERSION = 1;
				DEVELOPMENT_TEAM = 3K4KWAG7KD;
				GENERATE_INFOPLIST_FILE = YES;
				MARKETING_VERSION = 1.0;
				PRODUCT_BUNDLE_IDENTIFIER = "com.hano.TCA-CleanArchitecture-ExampleUITests";
				PRODUCT_NAME = "$(TARGET_NAME)";
				SWIFT_EMIT_LOC_STRINGS = NO;
				SWIFT_VERSION = 5.0;
				TARGETED_DEVICE_FAMILY = "1,2";
				TEST_TARGET_NAME = "TCA-CleanArchitecture_Example";
			};
			name = Release;
		};
/* End XCBuildConfiguration section */

/* Begin XCConfigurationList section */
		85D578DF29F6311100E5BD20 /* Build configuration list for PBXProject "TCA-CleanArchitecture_Example" */ = {
			isa = XCConfigurationList;
			buildConfigurations = (
				85D5790C29F6311200E5BD20 /* Debug */,
				85D5790D29F6311200E5BD20 /* Release */,
			);
			defaultConfigurationIsVisible = 0;
			defaultConfigurationName = Release;
		};
		85D5790E29F6311200E5BD20 /* Build configuration list for PBXNativeTarget "TCA-CleanArchitecture_Example" */ = {
			isa = XCConfigurationList;
			buildConfigurations = (
				85D5790F29F6311200E5BD20 /* Debug */,
				85D5791029F6311200E5BD20 /* Release */,
			);
			defaultConfigurationIsVisible = 0;
			defaultConfigurationName = Release;
		};
		85D5791129F6311200E5BD20 /* Build configuration list for PBXNativeTarget "TCA-CleanArchitecture_ExampleTests" */ = {
			isa = XCConfigurationList;
			buildConfigurations = (
				85D5791229F6311200E5BD20 /* Debug */,
				85D5791329F6311200E5BD20 /* Release */,
			);
			defaultConfigurationIsVisible = 0;
			defaultConfigurationName = Release;
		};
		85D5791429F6311200E5BD20 /* Build configuration list for PBXNativeTarget "TCA-CleanArchitecture_ExampleUITests" */ = {
			isa = XCConfigurationList;
			buildConfigurations = (
				85D5791529F6311200E5BD20 /* Debug */,
				85D5791629F6311200E5BD20 /* Release */,
			);
			defaultConfigurationIsVisible = 0;
			defaultConfigurationName = Release;
		};
/* End XCConfigurationList section */

/* Begin XCRemoteSwiftPackageReference section */
		85C5100129FEB1DE00F33913 /* XCRemoteSwiftPackageReference "swift-composable-architecture" */ = {
			isa = XCRemoteSwiftPackageReference;
			repositoryURL = "https://github.com/pointfreeco/swift-composable-architecture";
			requirement = {
				kind = upToNextMajorVersion;
				minimumVersion = 0.9.0;
			};
		};
		85C5100629FEB7A000F33913 /* XCRemoteSwiftPackageReference "Kingfisher" */ = {
			isa = XCRemoteSwiftPackageReference;
			repositoryURL = "https://github.com/onevcat/Kingfisher.git";
			requirement = {
				kind = upToNextMajorVersion;
				minimumVersion = 7.0.0;
			};
		};
/* End XCRemoteSwiftPackageReference section */

/* Begin XCSwiftPackageProductDependency section */
		85C5100229FEB1DE00F33913 /* ComposableArchitecture */ = {
			isa = XCSwiftPackageProductDependency;
			package = 85C5100129FEB1DE00F33913 /* XCRemoteSwiftPackageReference "swift-composable-architecture" */;
			productName = ComposableArchitecture;
		};
		85C5100729FEB7A000F33913 /* Kingfisher */ = {
			isa = XCSwiftPackageProductDependency;
			package = 85C5100629FEB7A000F33913 /* XCRemoteSwiftPackageReference "Kingfisher" */;
			productName = Kingfisher;
		};
/* End XCSwiftPackageProductDependency section */
	};
	rootObject = 85D578DC29F6311100E5BD20 /* Project object */;
}
